
Microsoft Visual Studio Solution File, Format Version 12.00
# Visual Studio Version 17
VisualStudioVersion = 17.3.32929.385
MinimumVisualStudioVersion = 10.0.40219.1
Project("{9A19103F-16F7-4668-BE54-9A1E7A4F7556}") = "SimpleThriftServer", "SimpleThriftServer\SimpleThriftServer.csproj", "{BEC7448A-44D6-4325-AEAE-7CB205870970}"
EndProject
Project("{FAE04EC0-301F-11D3-BF4B-00C04F79EFBC}") = "SimpleThriftClient", "SimpleThriftClient\SimpleThriftClient.csproj", "{B3D0A1D8-5D4F-46E4-864F-EAC1CECEA2F8}"
EndProject
Global
	GlobalSection(SolutionConfigurationPlatforms) = preSolution
		Debug|Any CPU = Debug|Any CPU
		Release|Any CPU = Release|Any CPU
	EndGlobalSection
	GlobalSection(ProjectConfigurationPlatforms) = postSolution
		{BEC7448A-44D6-4325-AEAE-7CB205870970}.Debug|Any CPU.ActiveCfg = Debug|Any CPU
		{BEC7448A-44D6-4325-AEAE-7CB205870970}.Debug|Any CPU.Build.0 = Debug|Any CPU
		{BEC7448A-44D6-4325-AEAE-7CB205870970}.Release|Any CPU.ActiveCfg = Release|Any CPU
		{BEC7448A-44D6-4325-AEAE-7CB205870970}.Release|Any CPU.Build.0 = Release|Any CPU
		{B3D0A1D8-5D4F-46E4-864F-EAC1CECEA2F8}.Debug|Any CPU.ActiveCfg = Debug|Any CPU
		{B3D0A1D8-5D4F-46E4-864F-EAC1CECEA2F8}.Debug|Any CPU.Build.0 = Debug|Any CPU
		{B3D0A1D8-5D4F-46E4-864F-EAC1CECEA2F8}.Release|Any CPU.ActiveCfg = Release|Any CPU
		{B3D0A1D8-5D4F-46E4-864F-EAC1CECEA2F8}.Release|Any CPU.Build.0 = Release|Any CPU
	EndGlobalSection
	GlobalSection(SolutionProperties) = preSolution
		HideSolutionNode = FALSE
	EndGlobalSection
	GlobalSection(ExtensibilityGlobals) = postSolution
		SolutionGuid = {249BB07E-6102-45A8-AAA5-239D3416CF45}
	EndGlobalSection
EndGlobal
